// !$*UTF8*$!
{
	archiveVersion = 1;
	classes = {
	};
	objectVersion = 50;
	objects = {

/* Begin PBXBuildFile section */
		140426A020AAABC900C31ABC /* AppDelegate.m in Sources */ = {isa = PBXBuildFile; fileRef = 1404269F20AAABC900C31ABC /* AppDelegate.m */; };
		140426AB20AAABCB00C31ABC /* Assets.xcassets in Resources */ = {isa = PBXBuildFile; fileRef = 140426AA20AAABCB00C31ABC /* Assets.xcassets */; };
		140426AE20AAABCB00C31ABC /* LaunchScreen.storyboard in Resources */ = {isa = PBXBuildFile; fileRef = 140426AC20AAABCB00C31ABC /* LaunchScreen.storyboard */; };
		140426B120AAABCB00C31ABC /* main.m in Sources */ = {isa = PBXBuildFile; fileRef = 140426B020AAABCB00C31ABC /* main.m */; };
		140426C020AAAC1900C31ABC /* MainViewController.m in Sources */ = {isa = PBXBuildFile; fileRef = 140426B920AAAC1900C31ABC /* MainViewController.m */; };
		140426C120AAAC1900C31ABC /* BaseViewController.m in Sources */ = {isa = PBXBuildFile; fileRef = 140426BD20AAAC1900C31ABC /* BaseViewController.m */; };
		140426C220AAAC1900C31ABC /* NavigationController.m in Sources */ = {isa = PBXBuildFile; fileRef = 140426BE20AAAC1900C31ABC /* NavigationController.m */; };
		140426C720AAACB300C31ABC /* InfoPlist.strings in Resources */ = {isa = PBXBuildFile; fileRef = 140426C920AAACB300C31ABC /* InfoPlist.strings */; };
		140426CE20AAAD3600C31ABC /* Localizable.strings in Resources */ = {isa = PBXBuildFile; fileRef = 140426D020AAAD3600C31ABC /* Localizable.strings */; };
		1404270C20AAB47A00C31ABC /* ChatBaseEventImpl.m in Sources */ = {isa = PBXBuildFile; fileRef = 1404270B20AAB47A00C31ABC /* ChatBaseEventImpl.m */; };
		1404270F20AAB60500C31ABC /* ChatTransDataEventImpl.m in Sources */ = {isa = PBXBuildFile; fileRef = 1404270E20AAB60500C31ABC /* ChatTransDataEventImpl.m */; };
		1404271220AAB6A900C31ABC /* MessageQoSEventImpl.m in Sources */ = {isa = PBXBuildFile; fileRef = 1404271120AAB6A900C31ABC /* MessageQoSEventImpl.m */; };
		1404271520AAB72D00C31ABC /* IMClientManager.m in Sources */ = {isa = PBXBuildFile; fileRef = 1404271420AAB72D00C31ABC /* IMClientManager.m */; };
		1404272020AAD74300C31ABC /* ChatViewController.m in Sources */ = {isa = PBXBuildFile; fileRef = 1404271F20AAD74300C31ABC /* ChatViewController.m */; };
		1404274420AAEC9D00C31ABC /* UUChatTableView.bundle in Resources */ = {isa = PBXBuildFile; fileRef = 1404273A20AAEC9D00C31ABC /* UUChatTableView.bundle */; };
		143696C320AE65C70041F40C /* CoreDataModel.xcdatamodeld in Sources */ = {isa = PBXBuildFile; fileRef = 143696C120AE65C70041F40C /* CoreDataModel.xcdatamodeld */; };
		143696D420AE754B0041F40C /* MessageModel+CoreDataProperties.m in Sources */ = {isa = PBXBuildFile; fileRef = 143696D020AE754B0041F40C /* MessageModel+CoreDataProperties.m */; };
		143696D520AE754B0041F40C /* MessageModel+CoreDataClass.m in Sources */ = {isa = PBXBuildFile; fileRef = 143696D120AE754B0041F40C /* MessageModel+CoreDataClass.m */; };
		143696D820AE81350041F40C /* CoreDataManager.m in Sources */ = {isa = PBXBuildFile; fileRef = 143696D720AE81350041F40C /* CoreDataManager.m */; };
		144FFCCC20AD2D56005F7EFA /* JMAVAudioPlayer.m in Sources */ = {isa = PBXBuildFile; fileRef = 144FFCCB20AD2D56005F7EFA /* JMAVAudioPlayer.m */; };
		144FFCCF20AD2DD5005F7EFA /* JMMessage.m in Sources */ = {isa = PBXBuildFile; fileRef = 144FFCCE20AD2DD5005F7EFA /* JMMessage.m */; };
		144FFCD220AD2E14005F7EFA /* JMMessageFrame.m in Sources */ = {isa = PBXBuildFile; fileRef = 144FFCD120AD2E14005F7EFA /* JMMessageFrame.m */; };
		144FFCD520AD2EDD005F7EFA /* JMProgressHUD.m in Sources */ = {isa = PBXBuildFile; fileRef = 144FFCD420AD2EDD005F7EFA /* JMProgressHUD.m */; };
		144FFCD720AD53C0005F7EFA /* MainViewController.xib in Resources */ = {isa = PBXBuildFile; fileRef = 144FFCD620AD53C0005F7EFA /* MainViewController.xib */; };
		144FFCE220AD7617005F7EFA /* DataBaseManager.m in Sources */ = {isa = PBXBuildFile; fileRef = 144FFCE120AD7617005F7EFA /* DataBaseManager.m */; };
		144FFCE520AD7805005F7EFA /* ChatMessage.m in Sources */ = {isa = PBXBuildFile; fileRef = 144FFCE420AD7805005F7EFA /* ChatMessage.m */; };
		144FFCE920AD8578005F7EFA /* libsqlite3.0.tbd in Frameworks */ = {isa = PBXBuildFile; fileRef = 144FFCE820AD8578005F7EFA /* libsqlite3.0.tbd */; };
		1459A1D920ABC9EE0086E128 /* UIView+Helper.m in Sources */ = {isa = PBXBuildFile; fileRef = 1459A1D820ABC9EE0086E128 /* UIView+Helper.m */; };
		1459A1DC20ABCA5C0086E128 /* UIColor+Helper.m in Sources */ = {isa = PBXBuildFile; fileRef = 1459A1DB20ABCA5C0086E128 /* UIColor+Helper.m */; };
		149CFA9F20AD1D7C003A9186 /* JMKeyBoardView.m in Sources */ = {isa = PBXBuildFile; fileRef = 149CFA9E20AD1D7C003A9186 /* JMKeyBoardView.m */; };
		149CFAA220AD1DEB003A9186 /* JMTextView.m in Sources */ = {isa = PBXBuildFile; fileRef = 149CFAA120AD1DEB003A9186 /* JMTextView.m */; };
		149CFAA520AD1E2A003A9186 /* JMMoreView.m in Sources */ = {isa = PBXBuildFile; fileRef = 149CFAA420AD1E2A003A9186 /* JMMoreView.m */; };
		149CFAA820AD1E37003A9186 /* JMEmojiView.m in Sources */ = {isa = PBXBuildFile; fileRef = 149CFAA720AD1E37003A9186 /* JMEmojiView.m */; };
		149CFAAC20AD231E003A9186 /* NSDate+Helper.m in Sources */ = {isa = PBXBuildFile; fileRef = 149CFAAB20AD231E003A9186 /* NSDate+Helper.m */; };
		149CFAB220AD250D003A9186 /* JMChatCategory.m in Sources */ = {isa = PBXBuildFile; fileRef = 149CFAB120AD250D003A9186 /* JMChatCategory.m */; };
		149CFAB620AD2688003A9186 /* JMMessageCell.m in Sources */ = {isa = PBXBuildFile; fileRef = 149CFAB520AD2688003A9186 /* JMMessageCell.m */; };
		149CFAB920AD26A7003A9186 /* JMMessageContentButton.m in Sources */ = {isa = PBXBuildFile; fileRef = 149CFAB820AD26A7003A9186 /* JMMessageContentButton.m */; };
		149CFABC20AD2702003A9186 /* JMImageAvatarBrowser.m in Sources */ = {isa = PBXBuildFile; fileRef = 149CFABB20AD2702003A9186 /* JMImageAvatarBrowser.m */; };
		14CC9F0520B25E220027B611 /* LocalUDPDataSender.m in Sources */ = {isa = PBXBuildFile; fileRef = 14CC9EC420B25E220027B611 /* LocalUDPDataSender.m */; };
		14CC9F0620B25E220027B611 /* KeepAliveDaemon.m in Sources */ = {isa = PBXBuildFile; fileRef = 14CC9EC620B25E220027B611 /* KeepAliveDaemon.m */; };
		14CC9F0720B25E220027B611 /* LocalUDPDataReciever.m in Sources */ = {isa = PBXBuildFile; fileRef = 14CC9ECA20B25E220027B611 /* LocalUDPDataReciever.m */; };
		14CC9F0820B25E220027B611 /* QoS4ReciveDaemon.m in Sources */ = {isa = PBXBuildFile; fileRef = 14CC9ECB20B25E220027B611 /* QoS4ReciveDaemon.m */; };
		14CC9F0920B25E220027B611 /* AutoReLoginDaemon.m in Sources */ = {isa = PBXBuildFile; fileRef = 14CC9ECD20B25E220027B611 /* AutoReLoginDaemon.m */; };
		14CC9F0A20B25E220027B611 /* QoS4SendDaemon.m in Sources */ = {isa = PBXBuildFile; fileRef = 14CC9ECF20B25E220027B611 /* QoS4SendDaemon.m */; };
		14CC9F0B20B25E220027B611 /* LocalUDPSocketProvider.m in Sources */ = {isa = PBXBuildFile; fileRef = 14CC9ED020B25E220027B611 /* LocalUDPSocketProvider.m */; };
		14CC9F0C20B25E220027B611 /* PKeepAlive.m in Sources */ = {isa = PBXBuildFile; fileRef = 14CC9ED320B25E220027B611 /* PKeepAlive.m */; };
		14CC9F0D20B25E220027B611 /* PLoginInfo.m in Sources */ = {isa = PBXBuildFile; fileRef = 14CC9ED620B25E220027B611 /* PLoginInfo.m */; };
		14CC9F0E20B25E220027B611 /* CharsetHelper.m in Sources */ = {isa = PBXBuildFile; fileRef = 14CC9EDA20B25E220027B611 /* CharsetHelper.m */; };
		14CC9F0F20B25E220027B611 /* ProtocalFactory.m in Sources */ = {isa = PBXBuildFile; fileRef = 14CC9EDB20B25E220027B611 /* ProtocalFactory.m */; };
		14CC9F1020B25E220027B611 /* PKeepAliveResponse.m in Sources */ = {isa = PBXBuildFile; fileRef = 14CC9EDD20B25E220027B611 /* PKeepAliveResponse.m */; };
		14CC9F1120B25E220027B611 /* PErrorResponse.m in Sources */ = {isa = PBXBuildFile; fileRef = 14CC9EDF20B25E220027B611 /* PErrorResponse.m */; };
		14CC9F1220B25E220027B611 /* PLoginInfoResponse.m in Sources */ = {isa = PBXBuildFile; fileRef = 14CC9EE020B25E220027B611 /* PLoginInfoResponse.m */; };
		14CC9F1320B25E220027B611 /* Protocal.m in Sources */ = {isa = PBXBuildFile; fileRef = 14CC9EE120B25E220027B611 /* Protocal.m */; };
		14CC9F1420B25E220027B611 /* ConfigEntity.m in Sources */ = {isa = PBXBuildFile; fileRef = 14CC9EE520B25E220027B611 /* ConfigEntity.m */; };
		14CC9F1520B25E220027B611 /* NSMutableDictionary+Ext.m in Sources */ = {isa = PBXBuildFile; fileRef = 14CC9EE820B25E220027B611 /* NSMutableDictionary+Ext.m */; };
		14CC9F1620B25E220027B611 /* UDPUtils.m in Sources */ = {isa = PBXBuildFile; fileRef = 14CC9EEF20B25E220027B611 /* UDPUtils.m */; };
		14CC9F1720B25E220027B611 /* ToolKits.m in Sources */ = {isa = PBXBuildFile; fileRef = 14CC9EF220B25E220027B611 /* ToolKits.m */; };
		14CC9F1820B25E220027B611 /* ClientCoreSDK.m in Sources */ = {isa = PBXBuildFile; fileRef = 14CC9EF320B25E220027B611 /* ClientCoreSDK.m */; };
		14CC9F1920B25E220027B611 /* RMMapper.m in Sources */ = {isa = PBXBuildFile; fileRef = 14CC9EF720B25E220027B611 /* RMMapper.m */; };
		14CC9F1A20B25E220027B611 /* NSUserDefaults+RMSaveCustomObject.m in Sources */ = {isa = PBXBuildFile; fileRef = 14CC9EFB20B25E220027B611 /* NSUserDefaults+RMSaveCustomObject.m */; };
		14CC9F1B20B25E220027B611 /* NSObject+RMArchivable.m in Sources */ = {isa = PBXBuildFile; fileRef = 14CC9EFD20B25E220027B611 /* NSObject+RMArchivable.m */; };
		14CC9F1C20B25E220027B611 /* NSObject+RMCopyable.m in Sources */ = {isa = PBXBuildFile; fileRef = 14CC9EFE20B25E220027B611 /* NSObject+RMCopyable.m */; };
		14CC9F1D20B25E220027B611 /* GCDAsyncUdpSocket.m in Sources */ = {isa = PBXBuildFile; fileRef = 14CC9F0020B25E220027B611 /* GCDAsyncUdpSocket.m */; };
		14CC9F1E20B25E220027B611 /* Reachability.m in Sources */ = {isa = PBXBuildFile; fileRef = 14CC9F0320B25E220027B611 /* Reachability.m */; };
		14FB34A120ABFBDF008DE3D8 /* JMChatModel.m in Sources */ = {isa = PBXBuildFile; fileRef = 14FB34A020ABFBDF008DE3D8 /* JMChatModel.m */; };
		3556358F05B6836DD3D3E0A3 /* libPods-Jiemo_IM.a in Frameworks */ = {isa = PBXBuildFile; fileRef = A4DAEBEE30C9074B4BA66F71 /* libPods-Jiemo_IM.a */; };
/* End PBXBuildFile section */

/* Begin PBXFileReference section */
		1404269B20AAABC900C31ABC /* Jiemo_IM.app */ = {isa = PBXFileReference; explicitFileType = wrapper.application; includeInIndex = 0; path = Jiemo_IM.app; sourceTree = BUILT_PRODUCTS_DIR; };
		1404269E20AAABC900C31ABC /* AppDelegate.h */ = {isa = PBXFileReference; lastKnownFileType = sourcecode.c.h; path = AppDelegate.h; sourceTree = "<group>"; };
		1404269F20AAABC900C31ABC /* AppDelegate.m */ = {isa = PBXFileReference; lastKnownFileType = sourcecode.c.objc; path = AppDelegate.m; sourceTree = "<group>"; };
		140426AA20AAABCB00C31ABC /* Assets.xcassets */ = {isa = PBXFileReference; lastKnownFileType = folder.assetcatalog; path = Assets.xcassets; sourceTree = "<group>"; };
		140426AD20AAABCB00C31ABC /* Base */ = {isa = PBXFileReference; lastKnownFileType = file.storyboard; name = Base; path = Base.lproj/LaunchScreen.storyboard; sourceTree = "<group>"; };
		140426AF20AAABCB00C31ABC /* Info.plist */ = {isa = PBXFileReference; lastKnownFileType = text.plist.xml; path = Info.plist; sourceTree = "<group>"; };
		140426B020AAABCB00C31ABC /* main.m */ = {isa = PBXFileReference; lastKnownFileType = sourcecode.c.objc; path = main.m; sourceTree = "<group>"; };
		140426B920AAAC1900C31ABC /* MainViewController.m */ = {isa = PBXFileReference; fileEncoding = 4; lastKnownFileType = sourcecode.c.objc; path = MainViewController.m; sourceTree = "<group>"; };
		140426BA20AAAC1900C31ABC /* MainViewController.h */ = {isa = PBXFileReference; fileEncoding = 4; lastKnownFileType = sourcecode.c.h; path = MainViewController.h; sourceTree = "<group>"; };
		140426BC20AAAC1900C31ABC /* NavigationController.h */ = {isa = PBXFileReference; fileEncoding = 4; lastKnownFileType = sourcecode.c.h; path = NavigationController.h; sourceTree = "<group>"; };
		140426BD20AAAC1900C31ABC /* BaseViewController.m */ = {isa = PBXFileReference; fileEncoding = 4; lastKnownFileType = sourcecode.c.objc; path = BaseViewController.m; sourceTree = "<group>"; };
		140426BE20AAAC1900C31ABC /* NavigationController.m */ = {isa = PBXFileReference; fileEncoding = 4; lastKnownFileType = sourcecode.c.objc; path = NavigationController.m; sourceTree = "<group>"; };
		140426BF20AAAC1900C31ABC /* BaseViewController.h */ = {isa = PBXFileReference; fileEncoding = 4; lastKnownFileType = sourcecode.c.h; path = BaseViewController.h; sourceTree = "<group>"; };
		140426C820AAACB300C31ABC /* en */ = {isa = PBXFileReference; lastKnownFileType = text.plist.strings; name = en; path = en.lproj/InfoPlist.strings; sourceTree = "<group>"; };
		140426CA20AAACB400C31ABC /* zh-Hans */ = {isa = PBXFileReference; lastKnownFileType = text.plist.strings; name = "zh-Hans"; path = "zh-Hans.lproj/InfoPlist.strings"; sourceTree = "<group>"; };
		140426CB20AAACB500C31ABC /* zh-Hant */ = {isa = PBXFileReference; lastKnownFileType = text.plist.strings; name = "zh-Hant"; path = "zh-Hant.lproj/InfoPlist.strings"; sourceTree = "<group>"; };
		140426CF20AAAD3600C31ABC /* en */ = {isa = PBXFileReference; lastKnownFileType = text.plist.strings; name = en; path = en.lproj/Localizable.strings; sourceTree = "<group>"; };
		140426D120AAAD3900C31ABC /* zh-Hans */ = {isa = PBXFileReference; lastKnownFileType = text.plist.strings; name = "zh-Hans"; path = "zh-Hans.lproj/Localizable.strings"; sourceTree = "<group>"; };
		140426D220AAAD3A00C31ABC /* zh-Hant */ = {isa = PBXFileReference; lastKnownFileType = text.plist.strings; name = "zh-Hant"; path = "zh-Hant.lproj/Localizable.strings"; sourceTree = "<group>"; };
		140426DB20AAAEC500C31ABC /* en */ = {isa = PBXFileReference; lastKnownFileType = file.storyboard; name = en; path = en.lproj/LaunchScreen.storyboard; sourceTree = "<group>"; };
		140426DC20AAAECD00C31ABC /* zh-Hans */ = {isa = PBXFileReference; lastKnownFileType = file.storyboard; name = "zh-Hans"; path = "zh-Hans.lproj/LaunchScreen.storyboard"; sourceTree = "<group>"; };
		140426DD20AAAED400C31ABC /* zh-Hant */ = {isa = PBXFileReference; lastKnownFileType = file.storyboard; name = "zh-Hant"; path = "zh-Hant.lproj/LaunchScreen.storyboard"; sourceTree = "<group>"; };
		140426DE20AAAFE400C31ABC /* ko */ = {isa = PBXFileReference; lastKnownFileType = text.plist.strings; name = ko; path = ko.lproj/LaunchScreen.strings; sourceTree = "<group>"; };
		140426DF20AAAFE400C31ABC /* ko */ = {isa = PBXFileReference; lastKnownFileType = text.plist.strings; name = ko; path = ko.lproj/InfoPlist.strings; sourceTree = "<group>"; };
		140426E020AAAFE400C31ABC /* ko */ = {isa = PBXFileReference; lastKnownFileType = text.plist.strings; name = ko; path = ko.lproj/Localizable.strings; sourceTree = "<group>"; };
		140426E120AAAFFB00C31ABC /* ja */ = {isa = PBXFileReference; lastKnownFileType = text.plist.strings; name = ja; path = ja.lproj/LaunchScreen.strings; sourceTree = "<group>"; };
		140426E220AAAFFB00C31ABC /* ja */ = {isa = PBXFileReference; lastKnownFileType = text.plist.strings; name = ja; path = ja.lproj/InfoPlist.strings; sourceTree = "<group>"; };
		140426E320AAAFFB00C31ABC /* ja */ = {isa = PBXFileReference; lastKnownFileType = text.plist.strings; name = ja; path = ja.lproj/Localizable.strings; sourceTree = "<group>"; };
		1404270A20AAB47A00C31ABC /* ChatBaseEventImpl.h */ = {isa = PBXFileReference; lastKnownFileType = sourcecode.c.h; path = ChatBaseEventImpl.h; sourceTree = "<group>"; };
		1404270B20AAB47A00C31ABC /* ChatBaseEventImpl.m */ = {isa = PBXFileReference; lastKnownFileType = sourcecode.c.objc; path = ChatBaseEventImpl.m; sourceTree = "<group>"; };
		1404270D20AAB60500C31ABC /* ChatTransDataEventImpl.h */ = {isa = PBXFileReference; lastKnownFileType = sourcecode.c.h; path = ChatTransDataEventImpl.h; sourceTree = "<group>"; };
		1404270E20AAB60500C31ABC /* ChatTransDataEventImpl.m */ = {isa = PBXFileReference; lastKnownFileType = sourcecode.c.objc; path = ChatTransDataEventImpl.m; sourceTree = "<group>"; };
		1404271020AAB6A900C31ABC /* MessageQoSEventImpl.h */ = {isa = PBXFileReference; lastKnownFileType = sourcecode.c.h; path = MessageQoSEventImpl.h; sourceTree = "<group>"; };
		1404271120AAB6A900C31ABC /* MessageQoSEventImpl.m */ = {isa = PBXFileReference; lastKnownFileType = sourcecode.c.objc; path = MessageQoSEventImpl.m; sourceTree = "<group>"; };
		1404271320AAB72D00C31ABC /* IMClientManager.h */ = {isa = PBXFileReference; lastKnownFileType = sourcecode.c.h; path = IMClientManager.h; sourceTree = "<group>"; };
		1404271420AAB72D00C31ABC /* IMClientManager.m */ = {isa = PBXFileReference; lastKnownFileType = sourcecode.c.objc; path = IMClientManager.m; sourceTree = "<group>"; };
		1404271E20AAD74300C31ABC /* ChatViewController.h */ = {isa = PBXFileReference; lastKnownFileType = sourcecode.c.h; path = ChatViewController.h; sourceTree = "<group>"; };
		1404271F20AAD74300C31ABC /* ChatViewController.m */ = {isa = PBXFileReference; lastKnownFileType = sourcecode.c.objc; path = ChatViewController.m; sourceTree = "<group>"; };
		1404273A20AAEC9D00C31ABC /* UUChatTableView.bundle */ = {isa = PBXFileReference; lastKnownFileType = "wrapper.plug-in"; path = UUChatTableView.bundle; sourceTree = "<group>"; };
		143696C220AE65C70041F40C /* CoreDataModel.xcdatamodel */ = {isa = PBXFileReference; lastKnownFileType = wrapper.xcdatamodel; path = CoreDataModel.xcdatamodel; sourceTree = "<group>"; };
		143696D020AE754B0041F40C /* MessageModel+CoreDataProperties.m */ = {isa = PBXFileReference; fileEncoding = 4; lastKnownFileType = sourcecode.c.objc; path = "MessageModel+CoreDataProperties.m"; sourceTree = "<group>"; };
		143696D120AE754B0041F40C /* MessageModel+CoreDataClass.m */ = {isa = PBXFileReference; fileEncoding = 4; lastKnownFileType = sourcecode.c.objc; path = "MessageModel+CoreDataClass.m"; sourceTree = "<group>"; };
		143696D220AE754B0041F40C /* MessageModel+CoreDataClass.h */ = {isa = PBXFileReference; fileEncoding = 4; lastKnownFileType = sourcecode.c.h; path = "MessageModel+CoreDataClass.h"; sourceTree = "<group>"; };
		143696D320AE754B0041F40C /* MessageModel+CoreDataProperties.h */ = {isa = PBXFileReference; fileEncoding = 4; lastKnownFileType = sourcecode.c.h; path = "MessageModel+CoreDataProperties.h"; sourceTree = "<group>"; };
		143696D620AE81350041F40C /* CoreDataManager.h */ = {isa = PBXFileReference; lastKnownFileType = sourcecode.c.h; path = CoreDataManager.h; sourceTree = "<group>"; };
		143696D720AE81350041F40C /* CoreDataManager.m */ = {isa = PBXFileReference; lastKnownFileType = sourcecode.c.objc; path = CoreDataManager.m; sourceTree = "<group>"; };
		144FFCCA20AD2D56005F7EFA /* JMAVAudioPlayer.h */ = {isa = PBXFileReference; lastKnownFileType = sourcecode.c.h; path = JMAVAudioPlayer.h; sourceTree = "<group>"; };
		144FFCCB20AD2D56005F7EFA /* JMAVAudioPlayer.m */ = {isa = PBXFileReference; lastKnownFileType = sourcecode.c.objc; path = JMAVAudioPlayer.m; sourceTree = "<group>"; };
		144FFCCD20AD2DD5005F7EFA /* JMMessage.h */ = {isa = PBXFileReference; lastKnownFileType = sourcecode.c.h; path = JMMessage.h; sourceTree = "<group>"; };
		144FFCCE20AD2DD5005F7EFA /* JMMessage.m */ = {isa = PBXFileReference; lastKnownFileType = sourcecode.c.objc; path = JMMessage.m; sourceTree = "<group>"; };
		144FFCD020AD2E14005F7EFA /* JMMessageFrame.h */ = {isa = PBXFileReference; lastKnownFileType = sourcecode.c.h; path = JMMessageFrame.h; sourceTree = "<group>"; };
		144FFCD120AD2E14005F7EFA /* JMMessageFrame.m */ = {isa = PBXFileReference; lastKnownFileType = sourcecode.c.objc; path = JMMessageFrame.m; sourceTree = "<group>"; };
		144FFCD320AD2EDD005F7EFA /* JMProgressHUD.h */ = {isa = PBXFileReference; lastKnownFileType = sourcecode.c.h; path = JMProgressHUD.h; sourceTree = "<group>"; };
		144FFCD420AD2EDD005F7EFA /* JMProgressHUD.m */ = {isa = PBXFileReference; lastKnownFileType = sourcecode.c.objc; path = JMProgressHUD.m; sourceTree = "<group>"; };
		144FFCD620AD53C0005F7EFA /* MainViewController.xib */ = {isa = PBXFileReference; lastKnownFileType = file.xib; path = MainViewController.xib; sourceTree = "<group>"; };
		144FFCDB20AD73D4005F7EFA /* PrefixHeader.pch */ = {isa = PBXFileReference; lastKnownFileType = sourcecode.c.h; path = PrefixHeader.pch; sourceTree = "<group>"; };
		144FFCE020AD7617005F7EFA /* DataBaseManager.h */ = {isa = PBXFileReference; lastKnownFileType = sourcecode.c.h; path = DataBaseManager.h; sourceTree = "<group>"; };
		144FFCE120AD7617005F7EFA /* DataBaseManager.m */ = {isa = PBXFileReference; lastKnownFileType = sourcecode.c.objc; path = DataBaseManager.m; sourceTree = "<group>"; };
		144FFCE320AD7805005F7EFA /* ChatMessage.h */ = {isa = PBXFileReference; lastKnownFileType = sourcecode.c.h; path = ChatMessage.h; sourceTree = "<group>"; };
		144FFCE420AD7805005F7EFA /* ChatMessage.m */ = {isa = PBXFileReference; lastKnownFileType = sourcecode.c.objc; path = ChatMessage.m; sourceTree = "<group>"; };
		144FFCE820AD8578005F7EFA /* libsqlite3.0.tbd */ = {isa = PBXFileReference; lastKnownFileType = "sourcecode.text-based-dylib-definition"; name = libsqlite3.0.tbd; path = usr/lib/libsqlite3.0.tbd; sourceTree = SDKROOT; };
		1459A1D720ABC9EE0086E128 /* UIView+Helper.h */ = {isa = PBXFileReference; lastKnownFileType = sourcecode.c.h; path = "UIView+Helper.h"; sourceTree = "<group>"; };
		1459A1D820ABC9EE0086E128 /* UIView+Helper.m */ = {isa = PBXFileReference; lastKnownFileType = sourcecode.c.objc; path = "UIView+Helper.m"; sourceTree = "<group>"; };
		1459A1DA20ABCA5C0086E128 /* UIColor+Helper.h */ = {isa = PBXFileReference; lastKnownFileType = sourcecode.c.h; path = "UIColor+Helper.h"; sourceTree = "<group>"; };
		1459A1DB20ABCA5C0086E128 /* UIColor+Helper.m */ = {isa = PBXFileReference; lastKnownFileType = sourcecode.c.objc; path = "UIColor+Helper.m"; sourceTree = "<group>"; };
		149CFA9D20AD1D7C003A9186 /* JMKeyBoardView.h */ = {isa = PBXFileReference; lastKnownFileType = sourcecode.c.h; path = JMKeyBoardView.h; sourceTree = "<group>"; };
		149CFA9E20AD1D7C003A9186 /* JMKeyBoardView.m */ = {isa = PBXFileReference; lastKnownFileType = sourcecode.c.objc; path = JMKeyBoardView.m; sourceTree = "<group>"; };
		149CFAA020AD1DEB003A9186 /* JMTextView.h */ = {isa = PBXFileReference; lastKnownFileType = sourcecode.c.h; path = JMTextView.h; sourceTree = "<group>"; };
		149CFAA120AD1DEB003A9186 /* JMTextView.m */ = {isa = PBXFileReference; lastKnownFileType = sourcecode.c.objc; path = JMTextView.m; sourceTree = "<group>"; };
		149CFAA320AD1E2A003A9186 /* JMMoreView.h */ = {isa = PBXFileReference; lastKnownFileType = sourcecode.c.h; path = JMMoreView.h; sourceTree = "<group>"; };
		149CFAA420AD1E2A003A9186 /* JMMoreView.m */ = {isa = PBXFileReference; lastKnownFileType = sourcecode.c.objc; path = JMMoreView.m; sourceTree = "<group>"; };
		149CFAA620AD1E37003A9186 /* JMEmojiView.h */ = {isa = PBXFileReference; lastKnownFileType = sourcecode.c.h; path = JMEmojiView.h; sourceTree = "<group>"; };
		149CFAA720AD1E37003A9186 /* JMEmojiView.m */ = {isa = PBXFileReference; lastKnownFileType = sourcecode.c.objc; path = JMEmojiView.m; sourceTree = "<group>"; };
		149CFAAA20AD231E003A9186 /* NSDate+Helper.h */ = {isa = PBXFileReference; lastKnownFileType = sourcecode.c.h; path = "NSDate+Helper.h"; sourceTree = "<group>"; };
		149CFAAB20AD231E003A9186 /* NSDate+Helper.m */ = {isa = PBXFileReference; lastKnownFileType = sourcecode.c.objc; path = "NSDate+Helper.m"; sourceTree = "<group>"; };
		149CFAB020AD250D003A9186 /* JMChatCategory.h */ = {isa = PBXFileReference; lastKnownFileType = sourcecode.c.h; path = JMChatCategory.h; sourceTree = "<group>"; };
		149CFAB120AD250D003A9186 /* JMChatCategory.m */ = {isa = PBXFileReference; lastKnownFileType = sourcecode.c.objc; path = JMChatCategory.m; sourceTree = "<group>"; };
		149CFAB420AD2688003A9186 /* JMMessageCell.h */ = {isa = PBXFileReference; lastKnownFileType = sourcecode.c.h; path = JMMessageCell.h; sourceTree = "<group>"; };
		149CFAB520AD2688003A9186 /* JMMessageCell.m */ = {isa = PBXFileReference; lastKnownFileType = sourcecode.c.objc; path = JMMessageCell.m; sourceTree = "<group>"; };
		149CFAB720AD26A7003A9186 /* JMMessageContentButton.h */ = {isa = PBXFileReference; lastKnownFileType = sourcecode.c.h; path = JMMessageContentButton.h; sourceTree = "<group>"; };
		149CFAB820AD26A7003A9186 /* JMMessageContentButton.m */ = {isa = PBXFileReference; lastKnownFileType = sourcecode.c.objc; path = JMMessageContentButton.m; sourceTree = "<group>"; };
		149CFABA20AD2702003A9186 /* JMImageAvatarBrowser.h */ = {isa = PBXFileReference; lastKnownFileType = sourcecode.c.h; path = JMImageAvatarBrowser.h; sourceTree = "<group>"; };
		149CFABB20AD2702003A9186 /* JMImageAvatarBrowser.m */ = {isa = PBXFileReference; lastKnownFileType = sourcecode.c.objc; path = JMImageAvatarBrowser.m; sourceTree = "<group>"; };
		14CC9EC320B25E220027B611 /* LocalUDPDataReciever.h */ = {isa = PBXFileReference; fileEncoding = 4; lastKnownFileType = sourcecode.c.h; path = LocalUDPDataReciever.h; sourceTree = "<group>"; };
		14CC9EC420B25E220027B611 /* LocalUDPDataSender.m */ = {isa = PBXFileReference; fileEncoding = 4; lastKnownFileType = sourcecode.c.objc; path = LocalUDPDataSender.m; sourceTree = "<group>"; };
		14CC9EC520B25E220027B611 /* QoS4ReciveDaemon.h */ = {isa = PBXFileReference; fileEncoding = 4; lastKnownFileType = sourcecode.c.h; path = QoS4ReciveDaemon.h; sourceTree = "<group>"; };
		14CC9EC620B25E220027B611 /* KeepAliveDaemon.m */ = {isa = PBXFileReference; fileEncoding = 4; lastKnownFileType = sourcecode.c.objc; path = KeepAliveDaemon.m; sourceTree = "<group>"; };
		14CC9EC720B25E220027B611 /* AutoReLoginDaemon.h */ = {isa = PBXFileReference; fileEncoding = 4; lastKnownFileType = sourcecode.c.h; path = AutoReLoginDaemon.h; sourceTree = "<group>"; };
		14CC9EC820B25E220027B611 /* LocalUDPSocketProvider.h */ = {isa = PBXFileReference; fileEncoding = 4; lastKnownFileType = sourcecode.c.h; path = LocalUDPSocketProvider.h; sourceTree = "<group>"; };
		14CC9EC920B25E220027B611 /* QoS4SendDaemon.h */ = {isa = PBXFileReference; fileEncoding = 4; lastKnownFileType = sourcecode.c.h; path = QoS4SendDaemon.h; sourceTree = "<group>"; };
		14CC9ECA20B25E220027B611 /* LocalUDPDataReciever.m */ = {isa = PBXFileReference; fileEncoding = 4; lastKnownFileType = sourcecode.c.objc; path = LocalUDPDataReciever.m; sourceTree = "<group>"; };
		14CC9ECB20B25E220027B611 /* QoS4ReciveDaemon.m */ = {isa = PBXFileReference; fileEncoding = 4; lastKnownFileType = sourcecode.c.objc; path = QoS4ReciveDaemon.m; sourceTree = "<group>"; };
		14CC9ECC20B25E220027B611 /* LocalUDPDataSender.h */ = {isa = PBXFileReference; fileEncoding = 4; lastKnownFileType = sourcecode.c.h; path = LocalUDPDataSender.h; sourceTree = "<group>"; };
		14CC9ECD20B25E220027B611 /* AutoReLoginDaemon.m */ = {isa = PBXFileReference; fileEncoding = 4; lastKnownFileType = sourcecode.c.objc; path = AutoReLoginDaemon.m; sourceTree = "<group>"; };
		14CC9ECE20B25E220027B611 /* KeepAliveDaemon.h */ = {isa = PBXFileReference; fileEncoding = 4; lastKnownFileType = sourcecode.c.h; path = KeepAliveDaemon.h; sourceTree = "<group>"; };
		14CC9ECF20B25E220027B611 /* QoS4SendDaemon.m */ = {isa = PBXFileReference; fileEncoding = 4; lastKnownFileType = sourcecode.c.objc; path = QoS4SendDaemon.m; sourceTree = "<group>"; };
		14CC9ED020B25E220027B611 /* LocalUDPSocketProvider.m */ = {isa = PBXFileReference; fileEncoding = 4; lastKnownFileType = sourcecode.c.objc; path = LocalUDPSocketProvider.m; sourceTree = "<group>"; };
		14CC9ED220B25E220027B611 /* PKeepAliveResponse.h */ = {isa = PBXFileReference; fileEncoding = 4; lastKnownFileType = sourcecode.c.h; path = PKeepAliveResponse.h; sourceTree = "<group>"; };
		14CC9ED320B25E220027B611 /* PKeepAlive.m */ = {isa = PBXFileReference; fileEncoding = 4; lastKnownFileType = sourcecode.c.objc; path = PKeepAlive.m; sourceTree = "<group>"; };
		14CC9ED420B25E220027B611 /* ErrorCode.h */ = {isa = PBXFileReference; fileEncoding = 4; lastKnownFileType = sourcecode.c.h; path = ErrorCode.h; sourceTree = "<group>"; };
		14CC9ED520B25E220027B611 /* PErrorResponse.h */ = {isa = PBXFileReference; fileEncoding = 4; lastKnownFileType = sourcecode.c.h; path = PErrorResponse.h; sourceTree = "<group>"; };
		14CC9ED620B25E220027B611 /* PLoginInfo.m */ = {isa = PBXFileReference; fileEncoding = 4; lastKnownFileType = sourcecode.c.objc; path = PLoginInfo.m; sourceTree = "<group>"; };
		14CC9ED720B25E220027B611 /* ProtocalType.h */ = {isa = PBXFileReference; fileEncoding = 4; lastKnownFileType = sourcecode.c.h; path = ProtocalType.h; sourceTree = "<group>"; };
		14CC9ED820B25E220027B611 /* Protocal.h */ = {isa = PBXFileReference; fileEncoding = 4; lastKnownFileType = sourcecode.c.h; path = Protocal.h; sourceTree = "<group>"; };
		14CC9ED920B25E220027B611 /* PLoginInfoResponse.h */ = {isa = PBXFileReference; fileEncoding = 4; lastKnownFileType = sourcecode.c.h; path = PLoginInfoResponse.h; sourceTree = "<group>"; };
		14CC9EDA20B25E220027B611 /* CharsetHelper.m */ = {isa = PBXFileReference; fileEncoding = 4; lastKnownFileType = sourcecode.c.objc; path = CharsetHelper.m; sourceTree = "<group>"; };
		14CC9EDB20B25E220027B611 /* ProtocalFactory.m */ = {isa = PBXFileReference; fileEncoding = 4; lastKnownFileType = sourcecode.c.objc; path = ProtocalFactory.m; sourceTree = "<group>"; };
		14CC9EDC20B25E220027B611 /* PKeepAlive.h */ = {isa = PBXFileReference; fileEncoding = 4; lastKnownFileType = sourcecode.c.h; path = PKeepAlive.h; sourceTree = "<group>"; };
		14CC9EDD20B25E220027B611 /* PKeepAliveResponse.m */ = {isa = PBXFileReference; fileEncoding = 4; lastKnownFileType = sourcecode.c.objc; path = PKeepAliveResponse.m; sourceTree = "<group>"; };
		14CC9EDE20B25E220027B611 /* PLoginInfo.h */ = {isa = PBXFileReference; fileEncoding = 4; lastKnownFileType = sourcecode.c.h; path = PLoginInfo.h; sourceTree = "<group>"; };
		14CC9EDF20B25E220027B611 /* PErrorResponse.m */ = {isa = PBXFileReference; fileEncoding = 4; lastKnownFileType = sourcecode.c.objc; path = PErrorResponse.m; sourceTree = "<group>"; };
		14CC9EE020B25E220027B611 /* PLoginInfoResponse.m */ = {isa = PBXFileReference; fileEncoding = 4; lastKnownFileType = sourcecode.c.objc; path = PLoginInfoResponse.m; sourceTree = "<group>"; };
		14CC9EE120B25E220027B611 /* Protocal.m */ = {isa = PBXFileReference; fileEncoding = 4; lastKnownFileType = sourcecode.c.objc; path = Protocal.m; sourceTree = "<group>"; };
		14CC9EE220B25E220027B611 /* ProtocalFactory.h */ = {isa = PBXFileReference; fileEncoding = 4; lastKnownFileType = sourcecode.c.h; path = ProtocalFactory.h; sourceTree = "<group>"; };
		14CC9EE320B25E220027B611 /* CharsetHelper.h */ = {isa = PBXFileReference; fileEncoding = 4; lastKnownFileType = sourcecode.c.h; path = CharsetHelper.h; sourceTree = "<group>"; };
		14CC9EE420B25E220027B611 /* ClientCoreSDK.h */ = {isa = PBXFileReference; fileEncoding = 4; lastKnownFileType = sourcecode.c.h; path = ClientCoreSDK.h; sourceTree = "<group>"; };
		14CC9EE520B25E220027B611 /* ConfigEntity.m */ = {isa = PBXFileReference; fileEncoding = 4; lastKnownFileType = sourcecode.c.objc; path = ConfigEntity.m; sourceTree = "<group>"; };
		14CC9EE720B25E220027B611 /* NSMutableDictionary+Ext.h */ = {isa = PBXFileReference; fileEncoding = 4; lastKnownFileType = sourcecode.c.h; path = "NSMutableDictionary+Ext.h"; sourceTree = "<group>"; };
		14CC9EE820B25E220027B611 /* NSMutableDictionary+Ext.m */ = {isa = PBXFileReference; fileEncoding = 4; lastKnownFileType = sourcecode.c.objc; path = "NSMutableDictionary+Ext.m"; sourceTree = "<group>"; };
		14CC9EE920B25E220027B611 /* CompletionDefine.h */ = {isa = PBXFileReference; fileEncoding = 4; lastKnownFileType = sourcecode.c.h; path = CompletionDefine.h; sourceTree = "<group>"; };
		14CC9EEB20B25E220027B611 /* ChatBaseEvent.h */ = {isa = PBXFileReference; fileEncoding = 4; lastKnownFileType = sourcecode.c.h; path = ChatBaseEvent.h; sourceTree = "<group>"; };
		14CC9EEC20B25E220027B611 /* MessageQoSEvent.h */ = {isa = PBXFileReference; fileEncoding = 4; lastKnownFileType = sourcecode.c.h; path = MessageQoSEvent.h; sourceTree = "<group>"; };
		14CC9EED20B25E220027B611 /* ChatTransDataEvent.h */ = {isa = PBXFileReference; fileEncoding = 4; lastKnownFileType = sourcecode.c.h; path = ChatTransDataEvent.h; sourceTree = "<group>"; };
		14CC9EEF20B25E220027B611 /* UDPUtils.m */ = {isa = PBXFileReference; fileEncoding = 4; lastKnownFileType = sourcecode.c.objc; path = UDPUtils.m; sourceTree = "<group>"; };
		14CC9EF020B25E220027B611 /* ToolKits.h */ = {isa = PBXFileReference; fileEncoding = 4; lastKnownFileType = sourcecode.c.h; path = ToolKits.h; sourceTree = "<group>"; };
		14CC9EF120B25E220027B611 /* UDPUtils.h */ = {isa = PBXFileReference; fileEncoding = 4; lastKnownFileType = sourcecode.c.h; path = UDPUtils.h; sourceTree = "<group>"; };
		14CC9EF220B25E220027B611 /* ToolKits.m */ = {isa = PBXFileReference; fileEncoding = 4; lastKnownFileType = sourcecode.c.objc; path = ToolKits.m; sourceTree = "<group>"; };
		14CC9EF320B25E220027B611 /* ClientCoreSDK.m */ = {isa = PBXFileReference; fileEncoding = 4; lastKnownFileType = sourcecode.c.objc; path = ClientCoreSDK.m; sourceTree = "<group>"; };
		14CC9EF420B25E220027B611 /* ConfigEntity.h */ = {isa = PBXFileReference; fileEncoding = 4; lastKnownFileType = sourcecode.c.h; path = ConfigEntity.h; sourceTree = "<group>"; };
		14CC9EF720B25E220027B611 /* RMMapper.m */ = {isa = PBXFileReference; fileEncoding = 4; lastKnownFileType = sourcecode.c.objc; path = RMMapper.m; sourceTree = "<group>"; };
		14CC9EF820B25E220027B611 /* NSUserDefaults+RMSaveCustomObject.h */ = {isa = PBXFileReference; fileEncoding = 4; lastKnownFileType = sourcecode.c.h; path = "NSUserDefaults+RMSaveCustomObject.h"; sourceTree = "<group>"; };
		14CC9EF920B25E220027B611 /* NSObject+RMArchivable.h */ = {isa = PBXFileReference; fileEncoding = 4; lastKnownFileType = sourcecode.c.h; path = "NSObject+RMArchivable.h"; sourceTree = "<group>"; };
		14CC9EFA20B25E220027B611 /* NSObject+RMCopyable.h */ = {isa = PBXFileReference; fileEncoding = 4; lastKnownFileType = sourcecode.c.h; path = "NSObject+RMCopyable.h"; sourceTree = "<group>"; };
		14CC9EFB20B25E220027B611 /* NSUserDefaults+RMSaveCustomObject.m */ = {isa = PBXFileReference; fileEncoding = 4; lastKnownFileType = sourcecode.c.objc; path = "NSUserDefaults+RMSaveCustomObject.m"; sourceTree = "<group>"; };
		14CC9EFC20B25E220027B611 /* RMMapper.h */ = {isa = PBXFileReference; fileEncoding = 4; lastKnownFileType = sourcecode.c.h; path = RMMapper.h; sourceTree = "<group>"; };
		14CC9EFD20B25E220027B611 /* NSObject+RMArchivable.m */ = {isa = PBXFileReference; fileEncoding = 4; lastKnownFileType = sourcecode.c.objc; path = "NSObject+RMArchivable.m"; sourceTree = "<group>"; };
		14CC9EFE20B25E220027B611 /* NSObject+RMCopyable.m */ = {isa = PBXFileReference; fileEncoding = 4; lastKnownFileType = sourcecode.c.objc; path = "NSObject+RMCopyable.m"; sourceTree = "<group>"; };
		14CC9F0020B25E220027B611 /* GCDAsyncUdpSocket.m */ = {isa = PBXFileReference; fileEncoding = 4; lastKnownFileType = sourcecode.c.objc; path = GCDAsyncUdpSocket.m; sourceTree = "<group>"; };
		14CC9F0120B25E220027B611 /* GCDAsyncUdpSocket.h */ = {isa = PBXFileReference; fileEncoding = 4; lastKnownFileType = sourcecode.c.h; path = GCDAsyncUdpSocket.h; sourceTree = "<group>"; };
		14CC9F0320B25E220027B611 /* Reachability.m */ = {isa = PBXFileReference; fileEncoding = 4; lastKnownFileType = sourcecode.c.objc; path = Reachability.m; sourceTree = "<group>"; };
		14CC9F0420B25E220027B611 /* Reachability.h */ = {isa = PBXFileReference; fileEncoding = 4; lastKnownFileType = sourcecode.c.h; path = Reachability.h; sourceTree = "<group>"; };
		14FB349F20ABFBDF008DE3D8 /* JMChatModel.h */ = {isa = PBXFileReference; lastKnownFileType = sourcecode.c.h; path = JMChatModel.h; sourceTree = "<group>"; };
		14FB34A020ABFBDF008DE3D8 /* JMChatModel.m */ = {isa = PBXFileReference; lastKnownFileType = sourcecode.c.objc; path = JMChatModel.m; sourceTree = "<group>"; };
		6C524862016CC046D2B2529B /* Pods-Jiemo_IM.release.xcconfig */ = {isa = PBXFileReference; includeInIndex = 1; lastKnownFileType = text.xcconfig; name = "Pods-Jiemo_IM.release.xcconfig"; path = "Pods/Target Support Files/Pods-Jiemo_IM/Pods-Jiemo_IM.release.xcconfig"; sourceTree = "<group>"; };
		A3405487F660F015533DCB0D /* Pods-Jiemo_IM.debug.xcconfig */ = {isa = PBXFileReference; includeInIndex = 1; lastKnownFileType = text.xcconfig; name = "Pods-Jiemo_IM.debug.xcconfig"; path = "Pods/Target Support Files/Pods-Jiemo_IM/Pods-Jiemo_IM.debug.xcconfig"; sourceTree = "<group>"; };
		A4DAEBEE30C9074B4BA66F71 /* libPods-Jiemo_IM.a */ = {isa = PBXFileReference; explicitFileType = archive.ar; includeInIndex = 0; path = "libPods-Jiemo_IM.a"; sourceTree = BUILT_PRODUCTS_DIR; };
/* End PBXFileReference section */

/* Begin PBXFrameworksBuildPhase section */
		1404269820AAABC900C31ABC /* Frameworks */ = {
			isa = PBXFrameworksBuildPhase;
			buildActionMask = 2147483647;
			files = (
				144FFCE920AD8578005F7EFA /* libsqlite3.0.tbd in Frameworks */,
				3556358F05B6836DD3D3E0A3 /* libPods-Jiemo_IM.a in Frameworks */,
			);
			runOnlyForDeploymentPostprocessing = 0;
		};
/* End PBXFrameworksBuildPhase section */

/* Begin PBXGroup section */
		09724D874DDC1AD5DB3A8FAD /* Pods */ = {
			isa = PBXGroup;
			children = (
				A3405487F660F015533DCB0D /* Pods-Jiemo_IM.debug.xcconfig */,
				6C524862016CC046D2B2529B /* Pods-Jiemo_IM.release.xcconfig */,
			);
			name = Pods;
			sourceTree = "<group>";
		};
		1404269220AAABC900C31ABC = {
			isa = PBXGroup;
			children = (
				1404269D20AAABC900C31ABC /* Jiemo_IM */,
				1404269C20AAABC900C31ABC /* Products */,
				09724D874DDC1AD5DB3A8FAD /* Pods */,
				9A7FF4A12D5066CC40926B7B /* Frameworks */,
			);
			sourceTree = "<group>";
		};
		1404269C20AAABC900C31ABC /* Products */ = {
			isa = PBXGroup;
			children = (
				1404269B20AAABC900C31ABC /* Jiemo_IM.app */,
			);
			name = Products;
			sourceTree = "<group>";
		};
		1404269D20AAABC900C31ABC /* Jiemo_IM */ = {
			isa = PBXGroup;
			children = (
				1404269E20AAABC900C31ABC /* AppDelegate.h */,
				1404269F20AAABC900C31ABC /* AppDelegate.m */,
				140426E420AAB09200C31ABC /* ThirdPart */,
				140426B720AAAC1900C31ABC /* UI */,
				1404270920AAB40B00C31ABC /* IMManager */,
				144FFCDC20AD75AC005F7EFA /* DataBaseManager */,
				143696C020AE65840041F40C /* CoreDataManager */,
				140426AA20AAABCB00C31ABC /* Assets.xcassets */,
				140426AC20AAABCB00C31ABC /* LaunchScreen.storyboard */,
				140426AF20AAABCB00C31ABC /* Info.plist */,
				144FFCDB20AD73D4005F7EFA /* PrefixHeader.pch */,
				140426C920AAACB300C31ABC /* InfoPlist.strings */,
				140426D020AAAD3600C31ABC /* Localizable.strings */,
				140426B020AAABCB00C31ABC /* main.m */,
			);
			path = Jiemo_IM;
			sourceTree = "<group>";
		};
		140426B720AAAC1900C31ABC /* UI */ = {
			isa = PBXGroup;
			children = (
				140426BB20AAAC1900C31ABC /* BaseUI */,
				140426B820AAAC1900C31ABC /* MainUI */,
				1404271C20AAD65700C31ABC /* ChatUI */,
			);
			path = UI;
			sourceTree = "<group>";
		};
		140426B820AAAC1900C31ABC /* MainUI */ = {
			isa = PBXGroup;
			children = (
				140426BA20AAAC1900C31ABC /* MainViewController.h */,
				140426B920AAAC1900C31ABC /* MainViewController.m */,
				144FFCD620AD53C0005F7EFA /* MainViewController.xib */,
			);
			path = MainUI;
			sourceTree = "<group>";
		};
		140426BB20AAAC1900C31ABC /* BaseUI */ = {
			isa = PBXGroup;
			children = (
				140426BC20AAAC1900C31ABC /* NavigationController.h */,
				140426BE20AAAC1900C31ABC /* NavigationController.m */,
				140426BF20AAAC1900C31ABC /* BaseViewController.h */,
				140426BD20AAAC1900C31ABC /* BaseViewController.m */,
			);
			path = BaseUI;
			sourceTree = "<group>";
		};
		140426E420AAB09200C31ABC /* ThirdPart */ = {
			isa = PBXGroup;
			children = (
				14CC9EC020B25E220027B611 /* MobileIMSDK4i */,
			);
			path = ThirdPart;
			sourceTree = "<group>";
		};
		1404270920AAB40B00C31ABC /* IMManager */ = {
			isa = PBXGroup;
			children = (
				1404270A20AAB47A00C31ABC /* ChatBaseEventImpl.h */,
				1404270B20AAB47A00C31ABC /* ChatBaseEventImpl.m */,
				1404270D20AAB60500C31ABC /* ChatTransDataEventImpl.h */,
				1404270E20AAB60500C31ABC /* ChatTransDataEventImpl.m */,
				1404271020AAB6A900C31ABC /* MessageQoSEventImpl.h */,
				1404271120AAB6A900C31ABC /* MessageQoSEventImpl.m */,
				1404271320AAB72D00C31ABC /* IMClientManager.h */,
				1404271420AAB72D00C31ABC /* IMClientManager.m */,
			);
			path = IMManager;
			sourceTree = "<group>";
		};
		1404271C20AAD65700C31ABC /* ChatUI */ = {
			isa = PBXGroup;
			children = (
				1459A1D020ABC9000086E128 /* Class */,
				1404271E20AAD74300C31ABC /* ChatViewController.h */,
				1404271F20AAD74300C31ABC /* ChatViewController.m */,
			);
			path = ChatUI;
			sourceTree = "<group>";
		};
		143696C020AE65840041F40C /* CoreDataManager */ = {
			isa = PBXGroup;
			children = (
				143696C120AE65C70041F40C /* CoreDataModel.xcdatamodeld */,
				143696D220AE754B0041F40C /* MessageModel+CoreDataClass.h */,
				143696D120AE754B0041F40C /* MessageModel+CoreDataClass.m */,
				143696D320AE754B0041F40C /* MessageModel+CoreDataProperties.h */,
				143696D020AE754B0041F40C /* MessageModel+CoreDataProperties.m */,
				143696D620AE81350041F40C /* CoreDataManager.h */,
				143696D720AE81350041F40C /* CoreDataManager.m */,
			);
			path = CoreDataManager;
			sourceTree = "<group>";
		};
		144FFCDC20AD75AC005F7EFA /* DataBaseManager */ = {
			isa = PBXGroup;
			children = (
				144FFCE020AD7617005F7EFA /* DataBaseManager.h */,
				144FFCE120AD7617005F7EFA /* DataBaseManager.m */,
				144FFCE320AD7805005F7EFA /* ChatMessage.h */,
				144FFCE420AD7805005F7EFA /* ChatMessage.m */,
			);
			path = DataBaseManager;
			sourceTree = "<group>";
		};
		1459A1D020ABC9000086E128 /* Class */ = {
			isa = PBXGroup;
			children = (
				149CFAB320AD263E003A9186 /* ChatClass */,
				149CFAA920AD1E3B003A9186 /* Utils */,
				149CFA9920AD1D30003A9186 /* KeyBoardUI */,
				14FB349F20ABFBDF008DE3D8 /* JMChatModel.h */,
				14FB34A020ABFBDF008DE3D8 /* JMChatModel.m */,
			);
			path = Class;
			sourceTree = "<group>";
		};
		149CFA9920AD1D30003A9186 /* KeyBoardUI */ = {
			isa = PBXGroup;
			children = (
				149CFA9D20AD1D7C003A9186 /* JMKeyBoardView.h */,
				149CFA9E20AD1D7C003A9186 /* JMKeyBoardView.m */,
				149CFAA020AD1DEB003A9186 /* JMTextView.h */,
				149CFAA120AD1DEB003A9186 /* JMTextView.m */,
				149CFAA320AD1E2A003A9186 /* JMMoreView.h */,
				149CFAA420AD1E2A003A9186 /* JMMoreView.m */,
				149CFAA620AD1E37003A9186 /* JMEmojiView.h */,
				149CFAA720AD1E37003A9186 /* JMEmojiView.m */,
			);
			path = KeyBoardUI;
			sourceTree = "<group>";
		};
		149CFAA920AD1E3B003A9186 /* Utils */ = {
			isa = PBXGroup;
			children = (
				1459A1D720ABC9EE0086E128 /* UIView+Helper.h */,
				1459A1D820ABC9EE0086E128 /* UIView+Helper.m */,
				1459A1DA20ABCA5C0086E128 /* UIColor+Helper.h */,
				1459A1DB20ABCA5C0086E128 /* UIColor+Helper.m */,
				149CFAAA20AD231E003A9186 /* NSDate+Helper.h */,
				149CFAAB20AD231E003A9186 /* NSDate+Helper.m */,
				149CFAB020AD250D003A9186 /* JMChatCategory.h */,
				149CFAB120AD250D003A9186 /* JMChatCategory.m */,
			);
			path = Utils;
			sourceTree = "<group>";
		};
		149CFAB320AD263E003A9186 /* ChatClass */ = {
			isa = PBXGroup;
			children = (
				1404273A20AAEC9D00C31ABC /* UUChatTableView.bundle */,
				149CFAB420AD2688003A9186 /* JMMessageCell.h */,
				149CFAB520AD2688003A9186 /* JMMessageCell.m */,
				149CFAB720AD26A7003A9186 /* JMMessageContentButton.h */,
				149CFAB820AD26A7003A9186 /* JMMessageContentButton.m */,
				149CFABA20AD2702003A9186 /* JMImageAvatarBrowser.h */,
				149CFABB20AD2702003A9186 /* JMImageAvatarBrowser.m */,
				144FFCCA20AD2D56005F7EFA /* JMAVAudioPlayer.h */,
				144FFCCB20AD2D56005F7EFA /* JMAVAudioPlayer.m */,
				144FFCCD20AD2DD5005F7EFA /* JMMessage.h */,
				144FFCCE20AD2DD5005F7EFA /* JMMessage.m */,
				144FFCD020AD2E14005F7EFA /* JMMessageFrame.h */,
				144FFCD120AD2E14005F7EFA /* JMMessageFrame.m */,
				144FFCD320AD2EDD005F7EFA /* JMProgressHUD.h */,
				144FFCD420AD2EDD005F7EFA /* JMProgressHUD.m */,
			);
			path = ChatClass;
			sourceTree = "<group>";
		};
		14CC9EC020B25E220027B611 /* MobileIMSDK4i */ = {
			isa = PBXGroup;
			children = (
				14CC9EC120B25E220027B611 /* Core */,
				14CC9EF520B25E220027B611 /* Thirdpart */,
			);
			path = MobileIMSDK4i;
			sourceTree = "<group>";
		};
		14CC9EC120B25E220027B611 /* Core */ = {
			isa = PBXGroup;
			children = (
				14CC9EC220B25E220027B611 /* Impl */,
				14CC9ED120B25E220027B611 /* Protocal */,
				14CC9EE620B25E220027B611 /* Other */,
				14CC9EEA20B25E220027B611 /* Delegate */,
				14CC9EEE20B25E220027B611 /* Utils */,
				14CC9EE420B25E220027B611 /* ClientCoreSDK.h */,
				14CC9EF320B25E220027B611 /* ClientCoreSDK.m */,
				14CC9EF420B25E220027B611 /* ConfigEntity.h */,
				14CC9EE520B25E220027B611 /* ConfigEntity.m */,
			);
			path = Core;
			sourceTree = "<group>";
		};
		14CC9EC220B25E220027B611 /* Impl */ = {
			isa = PBXGroup;
			children = (
				14CC9EC820B25E220027B611 /* LocalUDPSocketProvider.h */,
				14CC9ED020B25E220027B611 /* LocalUDPSocketProvider.m */,
				14CC9EC320B25E220027B611 /* LocalUDPDataReciever.h */,
				14CC9ECA20B25E220027B611 /* LocalUDPDataReciever.m */,
				14CC9ECC20B25E220027B611 /* LocalUDPDataSender.h */,
				14CC9EC420B25E220027B611 /* LocalUDPDataSender.m */,
				14CC9ECE20B25E220027B611 /* KeepAliveDaemon.h */,
				14CC9EC620B25E220027B611 /* KeepAliveDaemon.m */,
				14CC9EC720B25E220027B611 /* AutoReLoginDaemon.h */,
				14CC9ECD20B25E220027B611 /* AutoReLoginDaemon.m */,
				14CC9EC920B25E220027B611 /* QoS4SendDaemon.h */,
				14CC9ECF20B25E220027B611 /* QoS4SendDaemon.m */,
				14CC9EC520B25E220027B611 /* QoS4ReciveDaemon.h */,
				14CC9ECB20B25E220027B611 /* QoS4ReciveDaemon.m */,
			);
			path = Impl;
			sourceTree = "<group>";
		};
		14CC9ED120B25E220027B611 /* Protocal */ = {
			isa = PBXGroup;
			children = (
				14CC9EDC20B25E220027B611 /* PKeepAlive.h */,
				14CC9ED320B25E220027B611 /* PKeepAlive.m */,
				14CC9ED220B25E220027B611 /* PKeepAliveResponse.h */,
				14CC9EDD20B25E220027B611 /* PKeepAliveResponse.m */,
				14CC9ED520B25E220027B611 /* PErrorResponse.h */,
				14CC9EDF20B25E220027B611 /* PErrorResponse.m */,
				14CC9EE320B25E220027B611 /* CharsetHelper.h */,
				14CC9EDA20B25E220027B611 /* CharsetHelper.m */,
				14CC9EE220B25E220027B611 /* ProtocalFactory.h */,
				14CC9EDB20B25E220027B611 /* ProtocalFactory.m */,
				14CC9ED920B25E220027B611 /* PLoginInfoResponse.h */,
				14CC9EE020B25E220027B611 /* PLoginInfoResponse.m */,
				14CC9EDE20B25E220027B611 /* PLoginInfo.h */,
				14CC9ED620B25E220027B611 /* PLoginInfo.m */,
				14CC9ED820B25E220027B611 /* Protocal.h */,
				14CC9EE120B25E220027B611 /* Protocal.m */,
				14CC9ED720B25E220027B611 /* ProtocalType.h */,
				14CC9ED420B25E220027B611 /* ErrorCode.h */,
			);
			path = Protocal;
			sourceTree = "<group>";
		};
		14CC9EE620B25E220027B611 /* Other */ = {
			isa = PBXGroup;
			children = (
				14CC9EE920B25E220027B611 /* CompletionDefine.h */,
				14CC9EE720B25E220027B611 /* NSMutableDictionary+Ext.h */,
				14CC9EE820B25E220027B611 /* NSMutableDictionary+Ext.m */,
			);
			path = Other;
			sourceTree = "<group>";
		};
		14CC9EEA20B25E220027B611 /* Delegate */ = {
			isa = PBXGroup;
			children = (
				14CC9EEB20B25E220027B611 /* ChatBaseEvent.h */,
				14CC9EEC20B25E220027B611 /* MessageQoSEvent.h */,
				14CC9EED20B25E220027B611 /* ChatTransDataEvent.h */,
			);
			path = Delegate;
			sourceTree = "<group>";
		};
		14CC9EEE20B25E220027B611 /* Utils */ = {
			isa = PBXGroup;
			children = (
				14CC9EF020B25E220027B611 /* ToolKits.h */,
				14CC9EF220B25E220027B611 /* ToolKits.m */,
				14CC9EF120B25E220027B611 /* UDPUtils.h */,
				14CC9EEF20B25E220027B611 /* UDPUtils.m */,
			);
			path = Utils;
			sourceTree = "<group>";
		};
		14CC9EF520B25E220027B611 /* Thirdpart */ = {
			isa = PBXGroup;
			children = (
				14CC9EF620B25E220027B611 /* RMMapper */,
				14CC9EFF20B25E220027B611 /* UDP */,
				14CC9F0220B25E220027B611 /* Reachability */,
			);
			path = Thirdpart;
			sourceTree = "<group>";
		};
		14CC9EF620B25E220027B611 /* RMMapper */ = {
			isa = PBXGroup;
			children = (
				14CC9EFC20B25E220027B611 /* RMMapper.h */,
				14CC9EF720B25E220027B611 /* RMMapper.m */,
				14CC9EF820B25E220027B611 /* NSUserDefaults+RMSaveCustomObject.h */,
				14CC9EFB20B25E220027B611 /* NSUserDefaults+RMSaveCustomObject.m */,
				14CC9EF920B25E220027B611 /* NSObject+RMArchivable.h */,
				14CC9EFD20B25E220027B611 /* NSObject+RMArchivable.m */,
				14CC9EFA20B25E220027B611 /* NSObject+RMCopyable.h */,
				14CC9EFE20B25E220027B611 /* NSObject+RMCopyable.m */,
			);
			path = RMMapper;
			sourceTree = "<group>";
		};
		14CC9EFF20B25E220027B611 /* UDP */ = {
			isa = PBXGroup;
			children = (
				14CC9F0120B25E220027B611 /* GCDAsyncUdpSocket.h */,
				14CC9F0020B25E220027B611 /* GCDAsyncUdpSocket.m */,
			);
			path = UDP;
			sourceTree = "<group>";
		};
		14CC9F0220B25E220027B611 /* Reachability */ = {
			isa = PBXGroup;
			children = (
				14CC9F0420B25E220027B611 /* Reachability.h */,
				14CC9F0320B25E220027B611 /* Reachability.m */,
			);
			path = Reachability;
			sourceTree = "<group>";
		};
		9A7FF4A12D5066CC40926B7B /* Frameworks */ = {
			isa = PBXGroup;
			children = (
				144FFCE820AD8578005F7EFA /* libsqlite3.0.tbd */,
				A4DAEBEE30C9074B4BA66F71 /* libPods-Jiemo_IM.a */,
			);
			name = Frameworks;
			sourceTree = "<group>";
		};
/* End PBXGroup section */

/* Begin PBXNativeTarget section */
		1404269A20AAABC900C31ABC /* Jiemo_IM */ = {
			isa = PBXNativeTarget;
			buildConfigurationList = 140426B420AAABCB00C31ABC /* Build configuration list for PBXNativeTarget "Jiemo_IM" */;
			buildPhases = (
				4DC24AE3DCE36929AEEA27F1 /* [CP] Check Pods Manifest.lock */,
				1404269720AAABC900C31ABC /* Sources */,
				1404269820AAABC900C31ABC /* Frameworks */,
				1404269920AAABC900C31ABC /* Resources */,
				7883E964E3E45A6A6FB985BD /* [CP] Copy Pods Resources */,
			);
			buildRules = (
			);
			dependencies = (
			);
			name = Jiemo_IM;
			productName = Jiemo_IM;
			productReference = 1404269B20AAABC900C31ABC /* Jiemo_IM.app */;
			productType = "com.apple.product-type.application";
		};
/* End PBXNativeTarget section */

/* Begin PBXProject section */
		1404269320AAABC900C31ABC /* Project object */ = {
			isa = PBXProject;
			attributes = {
				CLASSPREFIX = JM;
				LastUpgradeCheck = 0930;
				ORGANIZATIONNAME = Tim2018;
				TargetAttributes = {
					1404269A20AAABC900C31ABC = {
						CreatedOnToolsVersion = 9.3.1;
					};
				};
			};
			buildConfigurationList = 1404269620AAABC900C31ABC /* Build configuration list for PBXProject "Jiemo_IM" */;
			compatibilityVersion = "Xcode 9.3";
			developmentRegion = en;
			hasScannedForEncodings = 0;
			knownRegions = (
				en,
				Base,
				"zh-Hans",
				"zh-Hant",
				ko,
				ja,
			);
			mainGroup = 1404269220AAABC900C31ABC;
			productRefGroup = 1404269C20AAABC900C31ABC /* Products */;
			projectDirPath = "";
			projectRoot = "";
			targets = (
				1404269A20AAABC900C31ABC /* Jiemo_IM */,
			);
		};
/* End PBXProject section */

/* Begin PBXResourcesBuildPhase section */
		1404269920AAABC900C31ABC /* Resources */ = {
			isa = PBXResourcesBuildPhase;
			buildActionMask = 2147483647;
			files = (
				140426AE20AAABCB00C31ABC /* LaunchScreen.storyboard in Resources */,
				140426CE20AAAD3600C31ABC /* Localizable.strings in Resources */,
				1404274420AAEC9D00C31ABC /* UUChatTableView.bundle in Resources */,
				140426C720AAACB300C31ABC /* InfoPlist.strings in Resources */,
				144FFCD720AD53C0005F7EFA /* MainViewController.xib in Resources */,
				140426AB20AAABCB00C31ABC /* Assets.xcassets in Resources */,
			);
			runOnlyForDeploymentPostprocessing = 0;
		};
/* End PBXResourcesBuildPhase section */

/* Begin PBXShellScriptBuildPhase section */
		4DC24AE3DCE36929AEEA27F1 /* [CP] Check Pods Manifest.lock */ = {
			isa = PBXShellScriptBuildPhase;
			buildActionMask = 2147483647;
			files = (
			);
			inputPaths = (
				"${PODS_PODFILE_DIR_PATH}/Podfile.lock",
				"${PODS_ROOT}/Manifest.lock",
			);
			name = "[CP] Check Pods Manifest.lock";
			outputPaths = (
				"$(DERIVED_FILE_DIR)/Pods-Jiemo_IM-checkManifestLockResult.txt",
			);
			runOnlyForDeploymentPostprocessing = 0;
			shellPath = /bin/sh;
			shellScript = "diff \"${PODS_PODFILE_DIR_PATH}/Podfile.lock\" \"${PODS_ROOT}/Manifest.lock\" > /dev/null\nif [ $? != 0 ] ; then\n    # print error to STDERR\n    echo \"error: The sandbox is not in sync with the Podfile.lock. Run 'pod install' or update your CocoaPods installation.\" >&2\n    exit 1\nfi\n# This output is used by Xcode 'outputs' to avoid re-running this script phase.\necho \"SUCCESS\" > \"${SCRIPT_OUTPUT_FILE_0}\"\n";
			showEnvVarsInLog = 0;
		};
		7883E964E3E45A6A6FB985BD /* [CP] Copy Pods Resources */ = {
			isa = PBXShellScriptBuildPhase;
			buildActionMask = 2147483647;
			files = (
			);
			inputPaths = (
				"${SRCROOT}/Pods/Target Support Files/Pods-Jiemo_IM/Pods-Jiemo_IM-resources.sh",
				"${PODS_ROOT}/MJRefresh/MJRefresh/MJRefresh.bundle",
				"${PODS_ROOT}/SVProgressHUD/SVProgressHUD/SVProgressHUD.bundle",
			);
			name = "[CP] Copy Pods Resources";
			outputPaths = (
				"${TARGET_BUILD_DIR}/${UNLOCALIZED_RESOURCES_FOLDER_PATH}/MJRefresh.bundle",
				"${TARGET_BUILD_DIR}/${UNLOCALIZED_RESOURCES_FOLDER_PATH}/SVProgressHUD.bundle",
			);
			runOnlyForDeploymentPostprocessing = 0;
			shellPath = /bin/sh;
			shellScript = "\"${SRCROOT}/Pods/Target Support Files/Pods-Jiemo_IM/Pods-Jiemo_IM-resources.sh\"\n";
			showEnvVarsInLog = 0;
		};
/* End PBXShellScriptBuildPhase section */

/* Begin PBXSourcesBuildPhase section */
		1404269720AAABC900C31ABC /* Sources */ = {
			isa = PBXSourcesBuildPhase;
			buildActionMask = 2147483647;
			files = (
				14CC9F1820B25E220027B611 /* ClientCoreSDK.m in Sources */,
				14CC9F1C20B25E220027B611 /* NSObject+RMCopyable.m in Sources */,
				149CFAB620AD2688003A9186 /* JMMessageCell.m in Sources */,
				14CC9F1220B25E220027B611 /* PLoginInfoResponse.m in Sources */,
				143696C320AE65C70041F40C /* CoreDataModel.xcdatamodeld in Sources */,
				149CFA9F20AD1D7C003A9186 /* JMKeyBoardView.m in Sources */,
				14CC9F1120B25E220027B611 /* PErrorResponse.m in Sources */,
				140426A020AAABC900C31ABC /* AppDelegate.m in Sources */,
				149CFAB220AD250D003A9186 /* JMChatCategory.m in Sources */,
				1404270F20AAB60500C31ABC /* ChatTransDataEventImpl.m in Sources */,
				1404272020AAD74300C31ABC /* ChatViewController.m in Sources */,
				149CFAB920AD26A7003A9186 /* JMMessageContentButton.m in Sources */,
				149CFAA820AD1E37003A9186 /* JMEmojiView.m in Sources */,
				14CC9F1520B25E220027B611 /* NSMutableDictionary+Ext.m in Sources */,
				144FFCE220AD7617005F7EFA /* DataBaseManager.m in Sources */,
				143696D820AE81350041F40C /* CoreDataManager.m in Sources */,
				1404271520AAB72D00C31ABC /* IMClientManager.m in Sources */,
				143696D420AE754B0041F40C /* MessageModel+CoreDataProperties.m in Sources */,
				14CC9F0C20B25E220027B611 /* PKeepAlive.m in Sources */,
				14CC9F0720B25E220027B611 /* LocalUDPDataReciever.m in Sources */,
				149CFAAC20AD231E003A9186 /* NSDate+Helper.m in Sources */,
				144FFCD220AD2E14005F7EFA /* JMMessageFrame.m in Sources */,
				1404271220AAB6A900C31ABC /* MessageQoSEventImpl.m in Sources */,
				14CC9F0E20B25E220027B611 /* CharsetHelper.m in Sources */,
				14CC9F1E20B25E220027B611 /* Reachability.m in Sources */,
				1404270C20AAB47A00C31ABC /* ChatBaseEventImpl.m in Sources */,
				14CC9F0A20B25E220027B611 /* QoS4SendDaemon.m in Sources */,
				149CFABC20AD2702003A9186 /* JMImageAvatarBrowser.m in Sources */,
				14CC9F1920B25E220027B611 /* RMMapper.m in Sources */,
				14CC9F1A20B25E220027B611 /* NSUserDefaults+RMSaveCustomObject.m in Sources */,
				140426C120AAAC1900C31ABC /* BaseViewController.m in Sources */,
				14CC9F0520B25E220027B611 /* LocalUDPDataSender.m in Sources */,
				14FB34A120ABFBDF008DE3D8 /* JMChatModel.m in Sources */,
				14CC9F1B20B25E220027B611 /* NSObject+RMArchivable.m in Sources */,
				14CC9F0820B25E220027B611 /* QoS4ReciveDaemon.m in Sources */,
				14CC9F1420B25E220027B611 /* ConfigEntity.m in Sources */,
				1459A1D920ABC9EE0086E128 /* UIView+Helper.m in Sources */,
				149CFAA520AD1E2A003A9186 /* JMMoreView.m in Sources */,
				14CC9F1020B25E220027B611 /* PKeepAliveResponse.m in Sources */,
				140426B120AAABCB00C31ABC /* main.m in Sources */,
				14CC9F0F20B25E220027B611 /* ProtocalFactory.m in Sources */,
				14CC9F0620B25E220027B611 /* KeepAliveDaemon.m in Sources */,
				144FFCCC20AD2D56005F7EFA /* JMAVAudioPlayer.m in Sources */,
				143696D520AE754B0041F40C /* MessageModel+CoreDataClass.m in Sources */,
				144FFCD520AD2EDD005F7EFA /* JMProgressHUD.m in Sources */,
				14CC9F1620B25E220027B611 /* UDPUtils.m in Sources */,
				140426C220AAAC1900C31ABC /* NavigationController.m in Sources */,
				1459A1DC20ABCA5C0086E128 /* UIColor+Helper.m in Sources */,
				14CC9F1320B25E220027B611 /* Protocal.m in Sources */,
				140426C020AAAC1900C31ABC /* MainViewController.m in Sources */,
				14CC9F1D20B25E220027B611 /* GCDAsyncUdpSocket.m in Sources */,
				144FFCE520AD7805005F7EFA /* ChatMessage.m in Sources */,
				149CFAA220AD1DEB003A9186 /* JMTextView.m in Sources */,
				14CC9F1720B25E220027B611 /* ToolKits.m in Sources */,
				14CC9F0920B25E220027B611 /* AutoReLoginDaemon.m in Sources */,
				14CC9F0B20B25E220027B611 /* LocalUDPSocketProvider.m in Sources */,
				144FFCCF20AD2DD5005F7EFA /* JMMessage.m in Sources */,
				14CC9F0D20B25E220027B611 /* PLoginInfo.m in Sources */,
			);
			runOnlyForDeploymentPostprocessing = 0;
		};
/* End PBXSourcesBuildPhase section */

/* Begin PBXVariantGroup section */
		140426AC20AAABCB00C31ABC /* LaunchScreen.storyboard */ = {
			isa = PBXVariantGroup;
			children = (
				140426AD20AAABCB00C31ABC /* Base */,
				140426DB20AAAEC500C31ABC /* en */,
				140426DC20AAAECD00C31ABC /* zh-Hans */,
				140426DD20AAAED400C31ABC /* zh-Hant */,
				140426DE20AAAFE400C31ABC /* ko */,
				140426E120AAAFFB00C31ABC /* ja */,
			);
			name = LaunchScreen.storyboard;
			sourceTree = "<group>";
		};
		140426C920AAACB300C31ABC /* InfoPlist.strings */ = {
			isa = PBXVariantGroup;
			children = (
				140426C820AAACB300C31ABC /* en */,
				140426CA20AAACB400C31ABC /* zh-Hans */,
				140426CB20AAACB500C31ABC /* zh-Hant */,
				140426DF20AAAFE400C31ABC /* ko */,
				140426E220AAAFFB00C31ABC /* ja */,
			);
			name = InfoPlist.strings;
			sourceTree = "<group>";
		};
		140426D020AAAD3600C31ABC /* Localizable.strings */ = {
			isa = PBXVariantGroup;
			children = (
				140426CF20AAAD3600C31ABC /* en */,
				140426D120AAAD3900C31ABC /* zh-Hans */,
				140426D220AAAD3A00C31ABC /* zh-Hant */,
				140426E020AAAFE400C31ABC /* ko */,
				140426E320AAAFFB00C31ABC /* ja */,
			);
			name = Localizable.strings;
			sourceTree = "<group>";
		};
/* End PBXVariantGroup section */

/* Begin XCBuildConfiguration section */
		140426B220AAABCB00C31ABC /* Debug */ = {
			isa = XCBuildConfiguration;
			buildSettings = {
				ALWAYS_SEARCH_USER_PATHS = NO;
				CLANG_ANALYZER_LOCALIZABILITY_NONLOCALIZED = YES;
				CLANG_ANALYZER_NONNULL = YES;
				CLANG_ANALYZER_NUMBER_OBJECT_CONVERSION = YES_AGGRESSIVE;
				CLANG_CXX_LANGUAGE_STANDARD = "gnu++14";
				CLANG_CXX_LIBRARY = "libc++";
				CLANG_ENABLE_MODULES = YES;
				CLANG_ENABLE_OBJC_ARC = YES;
				CLANG_ENABLE_OBJC_WEAK = YES;
				CLANG_WARN_BLOCK_CAPTURE_AUTORELEASING = YES;
				CLANG_WARN_BOOL_CONVERSION = YES;
				CLANG_WARN_COMMA = YES;
				CLANG_WARN_CONSTANT_CONVERSION = YES;
				CLANG_WARN_DEPRECATED_OBJC_IMPLEMENTATIONS = YES;
				CLANG_WARN_DIRECT_OBJC_ISA_USAGE = YES_ERROR;
				CLANG_WARN_DOCUMENTATION_COMMENTS = YES;
				CLANG_WARN_EMPTY_BODY = YES;
				CLANG_WARN_ENUM_CONVERSION = YES;
				CLANG_WARN_INFINITE_RECURSION = YES;
				CLANG_WARN_INT_CONVERSION = YES;
				CLANG_WARN_NON_LITERAL_NULL_CONVERSION = YES;
				CLANG_WARN_OBJC_IMPLICIT_RETAIN_SELF = YES;
				CLANG_WARN_OBJC_LITERAL_CONVERSION = YES;
				CLANG_WARN_OBJC_ROOT_CLASS = YES_ERROR;
				CLANG_WARN_RANGE_LOOP_ANALYSIS = YES;
				CLANG_WARN_STRICT_PROTOTYPES = YES;
				CLANG_WARN_SUSPICIOUS_MOVE = YES;
				CLANG_WARN_UNGUARDED_AVAILABILITY = YES_AGGRESSIVE;
				CLANG_WARN_UNREACHABLE_CODE = YES;
				CLANG_WARN__DUPLICATE_METHOD_MATCH = YES;
				CODE_SIGN_IDENTITY = "iPhone Developer";
				COPY_PHASE_STRIP = NO;
				DEBUG_INFORMATION_FORMAT = dwarf;
				ENABLE_STRICT_OBJC_MSGSEND = YES;
				ENABLE_TESTABILITY = YES;
				GCC_C_LANGUAGE_STANDARD = gnu11;
				GCC_DYNAMIC_NO_PIC = NO;
				GCC_NO_COMMON_BLOCKS = YES;
				GCC_OPTIMIZATION_LEVEL = 0;
				GCC_PREPROCESSOR_DEFINITIONS = (
					"DEBUG=1",
					"$(inherited)",
				);
				GCC_WARN_64_TO_32_BIT_CONVERSION = YES;
				GCC_WARN_ABOUT_RETURN_TYPE = YES_ERROR;
				GCC_WARN_UNDECLARED_SELECTOR = YES;
				GCC_WARN_UNINITIALIZED_AUTOS = YES_AGGRESSIVE;
				GCC_WARN_UNUSED_FUNCTION = YES;
				GCC_WARN_UNUSED_VARIABLE = YES;
				IPHONEOS_DEPLOYMENT_TARGET = 8.0;
				MTL_ENABLE_DEBUG_INFO = YES;
				ONLY_ACTIVE_ARCH = YES;
				SDKROOT = iphoneos;
			};
			name = Debug;
		};
		140426B320AAABCB00C31ABC /* Release */ = {
			isa = XCBuildConfiguration;
			buildSettings = {
				ALWAYS_SEARCH_USER_PATHS = NO;
				CLANG_ANALYZER_LOCALIZABILITY_NONLOCALIZED = YES;
				CLANG_ANALYZER_NONNULL = YES;
				CLANG_ANALYZER_NUMBER_OBJECT_CONVERSION = YES_AGGRESSIVE;
				CLANG_CXX_LANGUAGE_STANDARD = "gnu++14";
				CLANG_CXX_LIBRARY = "libc++";
				CLANG_ENABLE_MODULES = YES;
				CLANG_ENABLE_OBJC_ARC = YES;
				CLANG_ENABLE_OBJC_WEAK = YES;
				CLANG_WARN_BLOCK_CAPTURE_AUTORELEASING = YES;
				CLANG_WARN_BOOL_CONVERSION = YES;
				CLANG_WARN_COMMA = YES;
				CLANG_WARN_CONSTANT_CONVERSION = YES;
				CLANG_WARN_DEPRECATED_OBJC_IMPLEMENTATIONS = YES;
				CLANG_WARN_DIRECT_OBJC_ISA_USAGE = YES_ERROR;
				CLANG_WARN_DOCUMENTATION_COMMENTS = YES;
				CLANG_WARN_EMPTY_BODY = YES;
				CLANG_WARN_ENUM_CONVERSION = YES;
				CLANG_WARN_INFINITE_RECURSION = YES;
				CLANG_WARN_INT_CONVERSION = YES;
				CLANG_WARN_NON_LITERAL_NULL_CONVERSION = YES;
				CLANG_WARN_OBJC_IMPLICIT_RETAIN_SELF = YES;
				CLANG_WARN_OBJC_LITERAL_CONVERSION = YES;
				CLANG_WARN_OBJC_ROOT_CLASS = YES_ERROR;
				CLANG_WARN_RANGE_LOOP_ANALYSIS = YES;
				CLANG_WARN_STRICT_PROTOTYPES = YES;
				CLANG_WARN_SUSPICIOUS_MOVE = YES;
				CLANG_WARN_UNGUARDED_AVAILABILITY = YES_AGGRESSIVE;
				CLANG_WARN_UNREACHABLE_CODE = YES;
				CLANG_WARN__DUPLICATE_METHOD_MATCH = YES;
				CODE_SIGN_IDENTITY = "iPhone Developer";
				COPY_PHASE_STRIP = NO;
				DEBUG_INFORMATION_FORMAT = "dwarf-with-dsym";
				ENABLE_NS_ASSERTIONS = NO;
				ENABLE_STRICT_OBJC_MSGSEND = YES;
				GCC_C_LANGUAGE_STANDARD = gnu11;
				GCC_NO_COMMON_BLOCKS = YES;
				GCC_WARN_64_TO_32_BIT_CONVERSION = YES;
				GCC_WARN_ABOUT_RETURN_TYPE = YES_ERROR;
				GCC_WARN_UNDECLARED_SELECTOR = YES;
				GCC_WARN_UNINITIALIZED_AUTOS = YES_AGGRESSIVE;
				GCC_WARN_UNUSED_FUNCTION = YES;
				GCC_WARN_UNUSED_VARIABLE = YES;
				IPHONEOS_DEPLOYMENT_TARGET = 8.0;
				MTL_ENABLE_DEBUG_INFO = NO;
				SDKROOT = iphoneos;
				VALIDATE_PRODUCT = YES;
			};
			name = Release;
		};
		140426B520AAABCB00C31ABC /* Debug */ = {
			isa = XCBuildConfiguration;
			baseConfigurationReference = A3405487F660F015533DCB0D /* Pods-Jiemo_IM.debug.xcconfig */;
			buildSettings = {
				ASSETCATALOG_COMPILER_APPICON_NAME = AppIcon;
				CODE_SIGN_STYLE = Automatic;
				DEVELOPMENT_TEAM = AQ2Z23949V;
				GCC_PREFIX_HEADER = "$(SRCROOT)/Jiemo_IM/PrefixHeader.pch";
				INFOPLIST_FILE = Jiemo_IM/Info.plist;
				LD_RUNPATH_SEARCH_PATHS = (
					"$(inherited)",
					"@executable_path/Frameworks",
				);
				LIBRARY_SEARCH_PATHS = (
					"$(inherited)",
					"$(PROJECT_DIR)/Jiemo_IM/ThirdPart/MobileIMSDK4iLib",
				);
				PRODUCT_BUNDLE_IDENTIFIER = "com.Tim2048.Jiemo-IM";
				PRODUCT_NAME = "$(TARGET_NAME)";
				TARGETED_DEVICE_FAMILY = "1,2";
			};
			name = Debug;
		};
		140426B620AAABCB00C31ABC /* Release */ = {
			isa = XCBuildConfiguration;
			baseConfigurationReference = 6C524862016CC046D2B2529B /* Pods-Jiemo_IM.release.xcconfig */;
			buildSettings = {
				ASSETCATALOG_COMPILER_APPICON_NAME = AppIcon;
				CODE_SIGN_STYLE = Automatic;
				DEVELOPMENT_TEAM = AQ2Z23949V;
				GCC_PREFIX_HEADER = "$(SRCROOT)/Jiemo_IM/PrefixHeader.pch";
				INFOPLIST_FILE = Jiemo_IM/Info.plist;
				LD_RUNPATH_SEARCH_PATHS = (
					"$(inherited)",
					"@executable_path/Frameworks",
				);
				LIBRARY_SEARCH_PATHS = (
					"$(inherited)",
					"$(PROJECT_DIR)/Jiemo_IM/ThirdPart/MobileIMSDK4iLib",
				);
				PRODUCT_BUNDLE_IDENTIFIER = "com.Tim2048.Jiemo-IM";
				PRODUCT_NAME = "$(TARGET_NAME)";
				TARGETED_DEVICE_FAMILY = "1,2";
			};
			name = Release;
		};
/* End XCBuildConfiguration section */

/* Begin XCConfigurationList section */
		1404269620AAABC900C31ABC /* Build configuration list for PBXProject "Jiemo_IM" */ = {
			isa = XCConfigurationList;
			buildConfigurations = (
				140426B220AAABCB00C31ABC /* Debug */,
				140426B320AAABCB00C31ABC /* Release */,
			);
			defaultConfigurationIsVisible = 0;
			defaultConfigurationName = Release;
		};
		140426B420AAABCB00C31ABC /* Build configuration list for PBXNativeTarget "Jiemo_IM" */ = {
			isa = XCConfigurationList;
			buildConfigurations = (
				140426B520AAABCB00C31ABC /* Debug */,
				140426B620AAABCB00C31ABC /* Release */,
			);
			defaultConfigurationIsVisible = 0;
			defaultConfigurationName = Release;
		};
/* End XCConfigurationList section */

/* Begin XCVersionGroup section */
		143696C120AE65C70041F40C /* CoreDataModel.xcdatamodeld */ = {
			isa = XCVersionGroup;
			children = (
				143696C220AE65C70041F40C /* CoreDataModel.xcdatamodel */,
			);
			currentVersion = 143696C220AE65C70041F40C /* CoreDataModel.xcdatamodel */;
			path = CoreDataModel.xcdatamodeld;
			sourceTree = "<group>";
			versionGroupType = wrapper.xcdatamodel;
		};
/* End XCVersionGroup section */
	};
	rootObject = 1404269320AAABC900C31ABC /* Project object */;
}
